
Microsoft Visual Studio Solution File, Format Version 12.00
# Visual Studio 2012
Project("{FAE04EC0-301F-11D3-BF4B-00C04F79EFBC}") = "ConsoleApplication1", "ConsoleApplication1\ConsoleApplication1.csproj", "{FDA43D81-AB04-499B-BDFB-D96F5EA5DB80}"
EndProject
Project("{FAE04EC0-301F-11D3-BF4B-00C04F79EFBC}") = "UnitTestProject1", "UnitTestProject1\UnitTestProject1.csproj", "{218BF25B-1F3E-4338-AF7A-4EF7FC522746}"
EndProject
Project("{FAE04EC0-301F-11D3-BF4B-00C04F79EFBC}") = "FileIntegrator", "FileIntegrator\FileIntegrator.csproj", "{D3B84D57-858F-467D-8DA0-E4F527377427}"
EndProject
Project("{FAE04EC0-301F-11D3-BF4B-00C04F79EFBC}") = "EnterpriseLibraryExceptionHandling", "EnterpriseLibraryExceptionHandling\EnterpriseLibraryExceptionHandling.csproj", "{05C7AD86-82F5-452F-9802-1020961BE625}"
EndProject
Project("{FAE04EC0-301F-11D3-BF4B-00C04F79EFBC}") = "FileIntegratorWorkFlow", "FileIntegratorWorkFlow\FileIntegratorWorkFlow.csproj", "{98EC024C-6439-44B1-8B1E-29E457B2201F}"
EndProject
Global
	GlobalSection(SolutionConfigurationPlatforms) = preSolution
		Debug|Any CPU = Debug|Any CPU
		Release|Any CPU = Release|Any CPU
	EndGlobalSection
	GlobalSection(ProjectConfigurationPlatforms) = postSolution
		{FDA43D81-AB04-499B-BDFB-D96F5EA5DB80}.Debug|Any CPU.ActiveCfg = Debug|Any CPU
		{FDA43D81-AB04-499B-BDFB-D96F5EA5DB80}.Debug|Any CPU.Build.0 = Debug|Any CPU
		{FDA43D81-AB04-499B-BDFB-D96F5EA5DB80}.Release|Any CPU.ActiveCfg = Release|Any CPU
		{FDA43D81-AB04-499B-BDFB-D96F5EA5DB80}.Release|Any CPU.Build.0 = Release|Any CPU
		{218BF25B-1F3E-4338-AF7A-4EF7FC522746}.Debug|Any CPU.ActiveCfg = Debug|Any CPU
		{218BF25B-1F3E-4338-AF7A-4EF7FC522746}.Debug|Any CPU.Build.0 = Debug|Any CPU
		{218BF25B-1F3E-4338-AF7A-4EF7FC522746}.Release|Any CPU.ActiveCfg = Release|Any CPU
		{218BF25B-1F3E-4338-AF7A-4EF7FC522746}.Release|Any CPU.Build.0 = Release|Any CPU
		{D3B84D57-858F-467D-8DA0-E4F527377427}.Debug|Any CPU.ActiveCfg = Debug|Any CPU
		{D3B84D57-858F-467D-8DA0-E4F527377427}.Debug|Any CPU.Build.0 = Debug|Any CPU
		{D3B84D57-858F-467D-8DA0-E4F527377427}.Release|Any CPU.ActiveCfg = Release|Any CPU
		{D3B84D57-858F-467D-8DA0-E4F527377427}.Release|Any CPU.Build.0 = Release|Any CPU
		{05C7AD86-82F5-452F-9802-1020961BE625}.Debug|Any CPU.ActiveCfg = Debug|Any CPU
		{05C7AD86-82F5-452F-9802-1020961BE625}.Debug|Any CPU.Build.0 = Debug|Any CPU
		{05C7AD86-82F5-452F-9802-1020961BE625}.Release|Any CPU.ActiveCfg = Release|Any CPU
		{05C7AD86-82F5-452F-9802-1020961BE625}.Release|Any CPU.Build.0 = Release|Any CPU
		{98EC024C-6439-44B1-8B1E-29E457B2201F}.Debug|Any CPU.ActiveCfg = Debug|Any CPU
		{98EC024C-6439-44B1-8B1E-29E457B2201F}.Debug|Any CPU.Build.0 = Debug|Any CPU
		{98EC024C-6439-44B1-8B1E-29E457B2201F}.Release|Any CPU.ActiveCfg = Release|Any CPU
		{98EC024C-6439-44B1-8B1E-29E457B2201F}.Release|Any CPU.Build.0 = Release|Any CPU
	EndGlobalSection
	GlobalSection(SolutionProperties) = preSolution
		HideSolutionNode = FALSE
	EndGlobalSection
	GlobalSection(ExtensibilityGlobals) = postSolution
		EnterpriseLibraryConfigurationToolBinariesPathV6 = packages\EnterpriseLibrary.Common.6.0.1304.0\lib\NET45;packages\EnterpriseLibrary.Logging.6.0.1304.0\lib\NET45;packages\EnterpriseLibrary.TransientFaultHandling.6.0.1304.0\lib\portable-net45+win+wp8;packages\EnterpriseLibrary.TransientFaultHandling.Data.6.0.1304.1\lib\NET45;packages\EnterpriseLibrary.ExceptionHandling.6.0.1304.0\lib\NET45;packages\EnterpriseLibrary.ExceptionHandling.Logging.6.0.1304.0\lib\NET45
	EndGlobalSection
EndGlobal
