
Microsoft Visual Studio Solution File, Format Version 12.00
# Visual Studio 2012
Project("{FAE04EC0-301F-11D3-BF4B-00C04F79EFBC}") = "ConsoleApplication1", "ConsoleApplication1\ConsoleApplication1.csproj", "{FDA43D81-AB04-499B-BDFB-D96F5EA5DB80}"
EndProject
Project("{FAE04EC0-301F-11D3-BF4B-00C04F79EFBC}") = "UnitTestProject1", "UnitTestProject1\UnitTestProject1.csproj", "{218BF25B-1F3E-4338-AF7A-4EF7FC522746}"
EndProject
Global
	GlobalSection(TeamFoundationVersionControl) = preSolution
		SccNumberOfProjects = 3
		SccEnterpriseProvider = {4CA58AB2-18FA-4F8D-95D4-32DDF27D184C}
		SccTeamFoundationServer = http://localhost:8080/tfs/testcollection
		SccLocalPath0 = .
		SccProjectUniqueName1 = ConsoleApplication1\\ConsoleApplication1.csproj
		SccProjectName1 = ConsoleApplication1
		SccLocalPath1 = ConsoleApplication1
		SccProjectUniqueName2 = UnitTestProject1\\UnitTestProject1.csproj
		SccProjectName2 = UnitTestProject1
		SccLocalPath2 = UnitTestProject1
	EndGlobalSection
	GlobalSection(SolutionConfigurationPlatforms) = preSolution
		Debug|Any CPU = Debug|Any CPU
		Release|Any CPU = Release|Any CPU
	EndGlobalSection
	GlobalSection(ProjectConfigurationPlatforms) = postSolution
		{FDA43D81-AB04-499B-BDFB-D96F5EA5DB80}.Debug|Any CPU.ActiveCfg = Debug|Any CPU
		{FDA43D81-AB04-499B-BDFB-D96F5EA5DB80}.Debug|Any CPU.Build.0 = Debug|Any CPU
		{FDA43D81-AB04-499B-BDFB-D96F5EA5DB80}.Release|Any CPU.ActiveCfg = Release|Any CPU
		{FDA43D81-AB04-499B-BDFB-D96F5EA5DB80}.Release|Any CPU.Build.0 = Release|Any CPU
		{218BF25B-1F3E-4338-AF7A-4EF7FC522746}.Debug|Any CPU.ActiveCfg = Debug|Any CPU
		{218BF25B-1F3E-4338-AF7A-4EF7FC522746}.Debug|Any CPU.Build.0 = Debug|Any CPU
		{218BF25B-1F3E-4338-AF7A-4EF7FC522746}.Release|Any CPU.ActiveCfg = Release|Any CPU
		{218BF25B-1F3E-4338-AF7A-4EF7FC522746}.Release|Any CPU.Build.0 = Release|Any CPU
	EndGlobalSection
	GlobalSection(SolutionProperties) = preSolution
		HideSolutionNode = FALSE
	EndGlobalSection
EndGlobal
